
Microsoft Visual Studio Solution File, Format Version 12.00
# Visual Studio 15
VisualStudioVersion = 15.0.28307.136
MinimumVisualStudioVersion = 10.0.40219.1
Project("{9A19103F-16F7-4668-BE54-9A1E7A4F7556}") = "DFC.JSON.Core", "DFC.JSON.Core\DFC.JSON.Core.csproj", "{7C89F506-CFD4-4A62-BE33-12B50ADA6CCC}"
EndProject
Global
	GlobalSection(SolutionConfigurationPlatforms) = preSolution
		Debug|Any CPU = Debug|Any CPU
		Release|Any CPU = Release|Any CPU
	EndGlobalSection
	GlobalSection(ProjectConfigurationPlatforms) = postSolution
		{7C89F506-CFD4-4A62-BE33-12B50ADA6CCC}.Debug|Any CPU.ActiveCfg = Debug|Any CPU
		{7C89F506-CFD4-4A62-BE33-12B50ADA6CCC}.Debug|Any CPU.Build.0 = Debug|Any CPU
		{7C89F506-CFD4-4A62-BE33-12B50ADA6CCC}.Release|Any CPU.ActiveCfg = Release|Any CPU
		{7C89F506-CFD4-4A62-BE33-12B50ADA6CCC}.Release|Any CPU.Build.0 = Release|Any CPU
	EndGlobalSection
	GlobalSection(SolutionProperties) = preSolution
		HideSolutionNode = FALSE
	EndGlobalSection
	GlobalSection(ExtensibilityGlobals) = postSolution
		SolutionGuid = {17543FB3-183B-4B99-AD3B-FD6C06F2C6D3}
	EndGlobalSection
EndGlobal
